
Microsoft Visual Studio Solution File, Format Version 12.00
# Visual Studio 15
VisualStudioVersion = 15.0.28307.852
MinimumVisualStudioVersion = 10.0.40219.1
Project("{FAE04EC0-301F-11D3-BF4B-00C04F79EFBC}") = "Exemplo01_Heranca", "Exemplo01_Heranca\Exemplo01_Heranca.csproj", "{C895CDC1-C956-4B28-BA63-0BF3A29E1601}"
EndProject
Global
	GlobalSection(SolutionConfigurationPlatforms) = preSolution
		Debug|Any CPU = Debug|Any CPU
		Release|Any CPU = Release|Any CPU
	EndGlobalSection
	GlobalSection(ProjectConfigurationPlatforms) = postSolution
		{C895CDC1-C956-4B28-BA63-0BF3A29E1601}.Debug|Any CPU.ActiveCfg = Debug|Any CPU
		{C895CDC1-C956-4B28-BA63-0BF3A29E1601}.Debug|Any CPU.Build.0 = Debug|Any CPU
		{C895CDC1-C956-4B28-BA63-0BF3A29E1601}.Release|Any CPU.ActiveCfg = Release|Any CPU
		{C895CDC1-C956-4B28-BA63-0BF3A29E1601}.Release|Any CPU.Build.0 = Release|Any CPU
	EndGlobalSection
	GlobalSection(SolutionProperties) = preSolution
		HideSolutionNode = FALSE
	EndGlobalSection
	GlobalSection(ExtensibilityGlobals) = postSolution
		SolutionGuid = {FDDE2D48-4E16-4A75-B46B-E2EF2704F533}
	EndGlobalSection
EndGlobal
