
Microsoft Visual Studio Solution File, Format Version 12.00
# Visual Studio 15
VisualStudioVersion = 15.0.28307.852
MinimumVisualStudioVersion = 10.0.40219.1
Project("{FAE04EC0-301F-11D3-BF4B-00C04F79EFBC}") = "Exemplo04_Encapsulamento", "Exemplo04_Encapsulamento\Exemplo04_Encapsulamento.csproj", "{4FA1ABAF-168B-4714-877D-A4162642163D}"
EndProject
Global
	GlobalSection(SolutionConfigurationPlatforms) = preSolution
		Debug|Any CPU = Debug|Any CPU
		Release|Any CPU = Release|Any CPU
	EndGlobalSection
	GlobalSection(ProjectConfigurationPlatforms) = postSolution
		{4FA1ABAF-168B-4714-877D-A4162642163D}.Debug|Any CPU.ActiveCfg = Debug|Any CPU
		{4FA1ABAF-168B-4714-877D-A4162642163D}.Debug|Any CPU.Build.0 = Debug|Any CPU
		{4FA1ABAF-168B-4714-877D-A4162642163D}.Release|Any CPU.ActiveCfg = Release|Any CPU
		{4FA1ABAF-168B-4714-877D-A4162642163D}.Release|Any CPU.Build.0 = Release|Any CPU
	EndGlobalSection
	GlobalSection(SolutionProperties) = preSolution
		HideSolutionNode = FALSE
	EndGlobalSection
	GlobalSection(ExtensibilityGlobals) = postSolution
		SolutionGuid = {2041BBF5-489A-4EB4-B616-DA37677369EF}
	EndGlobalSection
EndGlobal
