
Microsoft Visual Studio Solution File, Format Version 12.00
# Visual Studio 15
VisualStudioVersion = 15.0.28307.852
MinimumVisualStudioVersion = 10.0.40219.1
Project("{FAE04EC0-301F-11D3-BF4B-00C04F79EFBC}") = "Exemplo06_Delegate_Func", "Exemplo06_Delegate_Func\Exemplo06_Delegate_Func.csproj", "{2E647989-026B-450E-B5B6-035A3918A94D}"
EndProject
Global
	GlobalSection(SolutionConfigurationPlatforms) = preSolution
		Debug|Any CPU = Debug|Any CPU
		Release|Any CPU = Release|Any CPU
	EndGlobalSection
	GlobalSection(ProjectConfigurationPlatforms) = postSolution
		{2E647989-026B-450E-B5B6-035A3918A94D}.Debug|Any CPU.ActiveCfg = Debug|Any CPU
		{2E647989-026B-450E-B5B6-035A3918A94D}.Debug|Any CPU.Build.0 = Debug|Any CPU
		{2E647989-026B-450E-B5B6-035A3918A94D}.Release|Any CPU.ActiveCfg = Release|Any CPU
		{2E647989-026B-450E-B5B6-035A3918A94D}.Release|Any CPU.Build.0 = Release|Any CPU
	EndGlobalSection
	GlobalSection(SolutionProperties) = preSolution
		HideSolutionNode = FALSE
	EndGlobalSection
	GlobalSection(ExtensibilityGlobals) = postSolution
		SolutionGuid = {223F6243-9FE9-4FD2-8238-1B549761D00F}
	EndGlobalSection
EndGlobal
