
Microsoft Visual Studio Solution File, Format Version 12.00
# Visual Studio 15
VisualStudioVersion = 15.0.28307.852
MinimumVisualStudioVersion = 10.0.40219.1
Project("{FAE04EC0-301F-11D3-BF4B-00C04F79EFBC}") = "Exemplo07_Formatacao_DateTime", "Exemplo07_Formatacao_DateTime\Exemplo07_Formatacao_DateTime.csproj", "{D444D5C4-FB87-44A5-876C-A6837ACD32F6}"
EndProject
Global
	GlobalSection(SolutionConfigurationPlatforms) = preSolution
		Debug|Any CPU = Debug|Any CPU
		Release|Any CPU = Release|Any CPU
	EndGlobalSection
	GlobalSection(ProjectConfigurationPlatforms) = postSolution
		{D444D5C4-FB87-44A5-876C-A6837ACD32F6}.Debug|Any CPU.ActiveCfg = Debug|Any CPU
		{D444D5C4-FB87-44A5-876C-A6837ACD32F6}.Debug|Any CPU.Build.0 = Debug|Any CPU
		{D444D5C4-FB87-44A5-876C-A6837ACD32F6}.Release|Any CPU.ActiveCfg = Release|Any CPU
		{D444D5C4-FB87-44A5-876C-A6837ACD32F6}.Release|Any CPU.Build.0 = Release|Any CPU
	EndGlobalSection
	GlobalSection(SolutionProperties) = preSolution
		HideSolutionNode = FALSE
	EndGlobalSection
	GlobalSection(ExtensibilityGlobals) = postSolution
		SolutionGuid = {FD322A9D-D571-4C71-88C9-7DEFE9239B4C}
	EndGlobalSection
EndGlobal
