
Microsoft Visual Studio Solution File, Format Version 12.00
# Visual Studio 15
VisualStudioVersion = 15.0.28307.852
MinimumVisualStudioVersion = 10.0.40219.1
Project("{FAE04EC0-301F-11D3-BF4B-00C04F79EFBC}") = "Exemplo01_Var", "Exemplo01_Var\Exemplo01_Var.csproj", "{CD10454C-274E-4374-94E4-34B836B57032}"
EndProject
Global
	GlobalSection(SolutionConfigurationPlatforms) = preSolution
		Debug|Any CPU = Debug|Any CPU
		Release|Any CPU = Release|Any CPU
	EndGlobalSection
	GlobalSection(ProjectConfigurationPlatforms) = postSolution
		{CD10454C-274E-4374-94E4-34B836B57032}.Debug|Any CPU.ActiveCfg = Debug|Any CPU
		{CD10454C-274E-4374-94E4-34B836B57032}.Debug|Any CPU.Build.0 = Debug|Any CPU
		{CD10454C-274E-4374-94E4-34B836B57032}.Release|Any CPU.ActiveCfg = Release|Any CPU
		{CD10454C-274E-4374-94E4-34B836B57032}.Release|Any CPU.Build.0 = Release|Any CPU
	EndGlobalSection
	GlobalSection(SolutionProperties) = preSolution
		HideSolutionNode = FALSE
	EndGlobalSection
	GlobalSection(ExtensibilityGlobals) = postSolution
		SolutionGuid = {51334E1E-616B-4CBE-87DB-69D450C64F80}
	EndGlobalSection
EndGlobal
