
Microsoft Visual Studio Solution File, Format Version 12.00
# Visual Studio 15
VisualStudioVersion = 15.0.28307.852
MinimumVisualStudioVersion = 10.0.40219.1
Project("{FAE04EC0-301F-11D3-BF4B-00C04F79EFBC}") = "Secao03_Exercicio01", "Secao03_Exercicio01\Secao03_Exercicio01.csproj", "{7377AF70-79A7-49E7-BA35-4BDB6DD49A2D}"
EndProject
Global
	GlobalSection(SolutionConfigurationPlatforms) = preSolution
		Debug|Any CPU = Debug|Any CPU
		Release|Any CPU = Release|Any CPU
	EndGlobalSection
	GlobalSection(ProjectConfigurationPlatforms) = postSolution
		{7377AF70-79A7-49E7-BA35-4BDB6DD49A2D}.Debug|Any CPU.ActiveCfg = Debug|Any CPU
		{7377AF70-79A7-49E7-BA35-4BDB6DD49A2D}.Debug|Any CPU.Build.0 = Debug|Any CPU
		{7377AF70-79A7-49E7-BA35-4BDB6DD49A2D}.Release|Any CPU.ActiveCfg = Release|Any CPU
		{7377AF70-79A7-49E7-BA35-4BDB6DD49A2D}.Release|Any CPU.Build.0 = Release|Any CPU
	EndGlobalSection
	GlobalSection(SolutionProperties) = preSolution
		HideSolutionNode = FALSE
	EndGlobalSection
	GlobalSection(ExtensibilityGlobals) = postSolution
		SolutionGuid = {843CCAC3-C638-4BB1-B4A5-1573A59F6692}
	EndGlobalSection
EndGlobal
