
Microsoft Visual Studio Solution File, Format Version 12.00
# Visual Studio 15
VisualStudioVersion = 15.0.28307.852
MinimumVisualStudioVersion = 10.0.40219.1
Project("{FAE04EC0-301F-11D3-BF4B-00C04F79EFBC}") = "Exemplo01_Try_Catch", "Exemplo01_Try_Catch\Exemplo01_Try_Catch.csproj", "{DB68560A-8BB6-4365-B95D-3E6E16101B5E}"
EndProject
Global
	GlobalSection(SolutionConfigurationPlatforms) = preSolution
		Debug|Any CPU = Debug|Any CPU
		Release|Any CPU = Release|Any CPU
	EndGlobalSection
	GlobalSection(ProjectConfigurationPlatforms) = postSolution
		{DB68560A-8BB6-4365-B95D-3E6E16101B5E}.Debug|Any CPU.ActiveCfg = Debug|Any CPU
		{DB68560A-8BB6-4365-B95D-3E6E16101B5E}.Debug|Any CPU.Build.0 = Debug|Any CPU
		{DB68560A-8BB6-4365-B95D-3E6E16101B5E}.Release|Any CPU.ActiveCfg = Release|Any CPU
		{DB68560A-8BB6-4365-B95D-3E6E16101B5E}.Release|Any CPU.Build.0 = Release|Any CPU
	EndGlobalSection
	GlobalSection(SolutionProperties) = preSolution
		HideSolutionNode = FALSE
	EndGlobalSection
	GlobalSection(ExtensibilityGlobals) = postSolution
		SolutionGuid = {13C05D7E-8163-43B1-96CF-ABE622C6B658}
	EndGlobalSection
EndGlobal
