
Microsoft Visual Studio Solution File, Format Version 12.00
# Visual Studio 15
VisualStudioVersion = 15.0.28307.852
MinimumVisualStudioVersion = 10.0.40219.1
Project("{FAE04EC0-301F-11D3-BF4B-00C04F79EFBC}") = "Secao_03_Exercicio_For_Resolvido02", "Secao_03_Exercicio_For_Resolvido02\Secao_03_Exercicio_For_Resolvido02.csproj", "{095A475F-F4D1-49E8-95AE-933254995F32}"
EndProject
Global
	GlobalSection(SolutionConfigurationPlatforms) = preSolution
		Debug|Any CPU = Debug|Any CPU
		Release|Any CPU = Release|Any CPU
	EndGlobalSection
	GlobalSection(ProjectConfigurationPlatforms) = postSolution
		{095A475F-F4D1-49E8-95AE-933254995F32}.Debug|Any CPU.ActiveCfg = Debug|Any CPU
		{095A475F-F4D1-49E8-95AE-933254995F32}.Debug|Any CPU.Build.0 = Debug|Any CPU
		{095A475F-F4D1-49E8-95AE-933254995F32}.Release|Any CPU.ActiveCfg = Release|Any CPU
		{095A475F-F4D1-49E8-95AE-933254995F32}.Release|Any CPU.Build.0 = Release|Any CPU
	EndGlobalSection
	GlobalSection(SolutionProperties) = preSolution
		HideSolutionNode = FALSE
	EndGlobalSection
	GlobalSection(ExtensibilityGlobals) = postSolution
		SolutionGuid = {2434A522-02E7-46A2-BE21-C80AF04F2AA9}
	EndGlobalSection
EndGlobal
