
Microsoft Visual Studio Solution File, Format Version 12.00
# Visual Studio 15
VisualStudioVersion = 15.0.28307.852
MinimumVisualStudioVersion = 10.0.40219.1
Project("{FAE04EC0-301F-11D3-BF4B-00C04F79EFBC}") = "Exemplo03_MultiDelegates", "Exemplo03_MultiDelegates\Exemplo03_MultiDelegates.csproj", "{D82FB7B5-2FEC-4220-B2E8-460E34543DB4}"
EndProject
Global
	GlobalSection(SolutionConfigurationPlatforms) = preSolution
		Debug|Any CPU = Debug|Any CPU
		Release|Any CPU = Release|Any CPU
	EndGlobalSection
	GlobalSection(ProjectConfigurationPlatforms) = postSolution
		{D82FB7B5-2FEC-4220-B2E8-460E34543DB4}.Debug|Any CPU.ActiveCfg = Debug|Any CPU
		{D82FB7B5-2FEC-4220-B2E8-460E34543DB4}.Debug|Any CPU.Build.0 = Debug|Any CPU
		{D82FB7B5-2FEC-4220-B2E8-460E34543DB4}.Release|Any CPU.ActiveCfg = Release|Any CPU
		{D82FB7B5-2FEC-4220-B2E8-460E34543DB4}.Release|Any CPU.Build.0 = Release|Any CPU
	EndGlobalSection
	GlobalSection(SolutionProperties) = preSolution
		HideSolutionNode = FALSE
	EndGlobalSection
	GlobalSection(ExtensibilityGlobals) = postSolution
		SolutionGuid = {417E9F17-B77B-49FD-88BA-0F6ABD36276C}
	EndGlobalSection
EndGlobal
