
Microsoft Visual Studio Solution File, Format Version 12.00
# Visual Studio 15
VisualStudioVersion = 15.0.28307.852
MinimumVisualStudioVersion = 10.0.40219.1
Project("{FAE04EC0-301F-11D3-BF4B-00C04F79EFBC}") = "Exercici02_Fixacao_Listas", "Exercici02_Fixacao_Listas\Exercici02_Fixacao_Listas.csproj", "{7613E047-A2EF-4D17-AD2C-D993FC41AC79}"
EndProject
Global
	GlobalSection(SolutionConfigurationPlatforms) = preSolution
		Debug|Any CPU = Debug|Any CPU
		Release|Any CPU = Release|Any CPU
	EndGlobalSection
	GlobalSection(ProjectConfigurationPlatforms) = postSolution
		{7613E047-A2EF-4D17-AD2C-D993FC41AC79}.Debug|Any CPU.ActiveCfg = Debug|Any CPU
		{7613E047-A2EF-4D17-AD2C-D993FC41AC79}.Debug|Any CPU.Build.0 = Debug|Any CPU
		{7613E047-A2EF-4D17-AD2C-D993FC41AC79}.Release|Any CPU.ActiveCfg = Release|Any CPU
		{7613E047-A2EF-4D17-AD2C-D993FC41AC79}.Release|Any CPU.Build.0 = Release|Any CPU
	EndGlobalSection
	GlobalSection(SolutionProperties) = preSolution
		HideSolutionNode = FALSE
	EndGlobalSection
	GlobalSection(ExtensibilityGlobals) = postSolution
		SolutionGuid = {E849A7D6-CE4D-46E5-BBA1-F55FE62EA965}
	EndGlobalSection
EndGlobal
