
Microsoft Visual Studio Solution File, Format Version 12.00
# Visual Studio 15
VisualStudioVersion = 15.0.28307.852
MinimumVisualStudioVersion = 10.0.40219.1
Project("{FAE04EC0-301F-11D3-BF4B-00C04F79EFBC}") = "Exercicio01_Exceptions", "Exercicio01_Exceptions\Exercicio01_Exceptions.csproj", "{2DB23C00-2AEF-4E96-89C3-09C6C20CF5E0}"
EndProject
Global
	GlobalSection(SolutionConfigurationPlatforms) = preSolution
		Debug|Any CPU = Debug|Any CPU
		Release|Any CPU = Release|Any CPU
	EndGlobalSection
	GlobalSection(ProjectConfigurationPlatforms) = postSolution
		{2DB23C00-2AEF-4E96-89C3-09C6C20CF5E0}.Debug|Any CPU.ActiveCfg = Debug|Any CPU
		{2DB23C00-2AEF-4E96-89C3-09C6C20CF5E0}.Debug|Any CPU.Build.0 = Debug|Any CPU
		{2DB23C00-2AEF-4E96-89C3-09C6C20CF5E0}.Release|Any CPU.ActiveCfg = Release|Any CPU
		{2DB23C00-2AEF-4E96-89C3-09C6C20CF5E0}.Release|Any CPU.Build.0 = Release|Any CPU
	EndGlobalSection
	GlobalSection(SolutionProperties) = preSolution
		HideSolutionNode = FALSE
	EndGlobalSection
	GlobalSection(ExtensibilityGlobals) = postSolution
		SolutionGuid = {FE07D0F6-5825-42BA-86A8-AF3C70E3E06F}
	EndGlobalSection
EndGlobal
