
Microsoft Visual Studio Solution File, Format Version 12.00
# Visual Studio 15
VisualStudioVersion = 15.0.28307.852
MinimumVisualStudioVersion = 10.0.40219.1
Project("{FAE04EC0-301F-11D3-BF4B-00C04F79EFBC}") = "Exemplo05_Delegate_Action", "Exemplo05_Delegate_Action\Exemplo05_Delegate_Action.csproj", "{CDD5D054-0A12-45EE-B98D-757D987335EA}"
EndProject
Global
	GlobalSection(SolutionConfigurationPlatforms) = preSolution
		Debug|Any CPU = Debug|Any CPU
		Release|Any CPU = Release|Any CPU
	EndGlobalSection
	GlobalSection(ProjectConfigurationPlatforms) = postSolution
		{CDD5D054-0A12-45EE-B98D-757D987335EA}.Debug|Any CPU.ActiveCfg = Debug|Any CPU
		{CDD5D054-0A12-45EE-B98D-757D987335EA}.Debug|Any CPU.Build.0 = Debug|Any CPU
		{CDD5D054-0A12-45EE-B98D-757D987335EA}.Release|Any CPU.ActiveCfg = Release|Any CPU
		{CDD5D054-0A12-45EE-B98D-757D987335EA}.Release|Any CPU.Build.0 = Release|Any CPU
	EndGlobalSection
	GlobalSection(SolutionProperties) = preSolution
		HideSolutionNode = FALSE
	EndGlobalSection
	GlobalSection(ExtensibilityGlobals) = postSolution
		SolutionGuid = {3BD2B3BC-5CA8-4F88-A582-9F942725C77F}
	EndGlobalSection
EndGlobal
