
Microsoft Visual Studio Solution File, Format Version 12.00
# Visual Studio 15
VisualStudioVersion = 15.0.28307.852
MinimumVisualStudioVersion = 10.0.40219.1
Project("{FAE04EC0-301F-11D3-BF4B-00C04F79EFBC}") = "Exemplo03_Erros_Personalizados", "Exemplo03_Erros_Personalizados\Exemplo03_Erros_Personalizados.csproj", "{0310E19B-832B-4D93-B73F-EECE0B7DDE3F}"
EndProject
Global
	GlobalSection(SolutionConfigurationPlatforms) = preSolution
		Debug|Any CPU = Debug|Any CPU
		Release|Any CPU = Release|Any CPU
	EndGlobalSection
	GlobalSection(ProjectConfigurationPlatforms) = postSolution
		{0310E19B-832B-4D93-B73F-EECE0B7DDE3F}.Debug|Any CPU.ActiveCfg = Debug|Any CPU
		{0310E19B-832B-4D93-B73F-EECE0B7DDE3F}.Debug|Any CPU.Build.0 = Debug|Any CPU
		{0310E19B-832B-4D93-B73F-EECE0B7DDE3F}.Release|Any CPU.ActiveCfg = Release|Any CPU
		{0310E19B-832B-4D93-B73F-EECE0B7DDE3F}.Release|Any CPU.Build.0 = Release|Any CPU
	EndGlobalSection
	GlobalSection(SolutionProperties) = preSolution
		HideSolutionNode = FALSE
	EndGlobalSection
	GlobalSection(ExtensibilityGlobals) = postSolution
		SolutionGuid = {16F127B9-03D5-4A79-AF88-AC727AE0BB9A}
	EndGlobalSection
EndGlobal
