
Microsoft Visual Studio Solution File, Format Version 12.00
# Visual Studio 15
VisualStudioVersion = 15.0.28307.852
MinimumVisualStudioVersion = 10.0.40219.1
Project("{FAE04EC0-301F-11D3-BF4B-00C04F79EFBC}") = "Exemplo01_While", "Exemplo01_While\Exemplo01_While.csproj", "{38CB5027-F885-4597-AC12-3D9F6961CB7B}"
EndProject
Global
	GlobalSection(SolutionConfigurationPlatforms) = preSolution
		Debug|Any CPU = Debug|Any CPU
		Release|Any CPU = Release|Any CPU
	EndGlobalSection
	GlobalSection(ProjectConfigurationPlatforms) = postSolution
		{38CB5027-F885-4597-AC12-3D9F6961CB7B}.Debug|Any CPU.ActiveCfg = Debug|Any CPU
		{38CB5027-F885-4597-AC12-3D9F6961CB7B}.Debug|Any CPU.Build.0 = Debug|Any CPU
		{38CB5027-F885-4597-AC12-3D9F6961CB7B}.Release|Any CPU.ActiveCfg = Release|Any CPU
		{38CB5027-F885-4597-AC12-3D9F6961CB7B}.Release|Any CPU.Build.0 = Release|Any CPU
	EndGlobalSection
	GlobalSection(SolutionProperties) = preSolution
		HideSolutionNode = FALSE
	EndGlobalSection
	GlobalSection(ExtensibilityGlobals) = postSolution
		SolutionGuid = {5C470662-79B7-4671-9148-34305B76A934}
	EndGlobalSection
EndGlobal
