
Microsoft Visual Studio Solution File, Format Version 12.00
# Visual Studio 15
VisualStudioVersion = 15.0.28307.852
MinimumVisualStudioVersion = 10.0.40219.1
Project("{FAE04EC0-301F-11D3-BF4B-00C04F79EFBC}") = "Exemplo01_Vetor", "Exemplo01_Vetor\Exemplo01_Vetor.csproj", "{B8468632-A4AE-4956-986B-E6A472F366CE}"
EndProject
Global
	GlobalSection(SolutionConfigurationPlatforms) = preSolution
		Debug|Any CPU = Debug|Any CPU
		Release|Any CPU = Release|Any CPU
	EndGlobalSection
	GlobalSection(ProjectConfigurationPlatforms) = postSolution
		{B8468632-A4AE-4956-986B-E6A472F366CE}.Debug|Any CPU.ActiveCfg = Debug|Any CPU
		{B8468632-A4AE-4956-986B-E6A472F366CE}.Debug|Any CPU.Build.0 = Debug|Any CPU
		{B8468632-A4AE-4956-986B-E6A472F366CE}.Release|Any CPU.ActiveCfg = Release|Any CPU
		{B8468632-A4AE-4956-986B-E6A472F366CE}.Release|Any CPU.Build.0 = Release|Any CPU
	EndGlobalSection
	GlobalSection(SolutionProperties) = preSolution
		HideSolutionNode = FALSE
	EndGlobalSection
	GlobalSection(ExtensibilityGlobals) = postSolution
		SolutionGuid = {41BECCAA-C6E5-45DD-AFBD-1720FD243DC0}
	EndGlobalSection
EndGlobal
