
Microsoft Visual Studio Solution File, Format Version 12.00
# Visual Studio 15
VisualStudioVersion = 15.0.28307.852
MinimumVisualStudioVersion = 10.0.40219.1
Project("{FAE04EC0-301F-11D3-BF4B-00C04F79EFBC}") = "ExemploSaida", "ExemploSaida\ExemploSaida.csproj", "{471FF83F-9B48-47D7-9AB8-050869F6F55B}"
EndProject
Global
	GlobalSection(SolutionConfigurationPlatforms) = preSolution
		Debug|Any CPU = Debug|Any CPU
		Release|Any CPU = Release|Any CPU
	EndGlobalSection
	GlobalSection(ProjectConfigurationPlatforms) = postSolution
		{471FF83F-9B48-47D7-9AB8-050869F6F55B}.Debug|Any CPU.ActiveCfg = Debug|Any CPU
		{471FF83F-9B48-47D7-9AB8-050869F6F55B}.Debug|Any CPU.Build.0 = Debug|Any CPU
		{471FF83F-9B48-47D7-9AB8-050869F6F55B}.Release|Any CPU.ActiveCfg = Release|Any CPU
		{471FF83F-9B48-47D7-9AB8-050869F6F55B}.Release|Any CPU.Build.0 = Release|Any CPU
	EndGlobalSection
	GlobalSection(SolutionProperties) = preSolution
		HideSolutionNode = FALSE
	EndGlobalSection
	GlobalSection(ExtensibilityGlobals) = postSolution
		SolutionGuid = {F63433A2-991C-40E2-A0B1-413110586FEE}
	EndGlobalSection
EndGlobal
