
Microsoft Visual Studio Solution File, Format Version 12.00
# Visual Studio 15
VisualStudioVersion = 15.0.28307.852
MinimumVisualStudioVersion = 10.0.40219.1
Project("{FAE04EC0-301F-11D3-BF4B-00C04F79EFBC}") = "Secao_03_Exercicio_For01", "Secao_03_Exercicio_For01\Secao_03_Exercicio_For01.csproj", "{83E7C93D-0A94-4DD0-8FF5-BF3A79CACD81}"
EndProject
Global
	GlobalSection(SolutionConfigurationPlatforms) = preSolution
		Debug|Any CPU = Debug|Any CPU
		Release|Any CPU = Release|Any CPU
	EndGlobalSection
	GlobalSection(ProjectConfigurationPlatforms) = postSolution
		{83E7C93D-0A94-4DD0-8FF5-BF3A79CACD81}.Debug|Any CPU.ActiveCfg = Debug|Any CPU
		{83E7C93D-0A94-4DD0-8FF5-BF3A79CACD81}.Debug|Any CPU.Build.0 = Debug|Any CPU
		{83E7C93D-0A94-4DD0-8FF5-BF3A79CACD81}.Release|Any CPU.ActiveCfg = Release|Any CPU
		{83E7C93D-0A94-4DD0-8FF5-BF3A79CACD81}.Release|Any CPU.Build.0 = Release|Any CPU
	EndGlobalSection
	GlobalSection(SolutionProperties) = preSolution
		HideSolutionNode = FALSE
	EndGlobalSection
	GlobalSection(ExtensibilityGlobals) = postSolution
		SolutionGuid = {EA083066-5A15-43D1-B463-AFB30D799A65}
	EndGlobalSection
EndGlobal
