
Microsoft Visual Studio Solution File, Format Version 12.00
# Visual Studio 15
VisualStudioVersion = 15.0.28307.852
MinimumVisualStudioVersion = 10.0.40219.1
Project("{FAE04EC0-301F-11D3-BF4B-00C04F79EFBC}") = "Exemplo05-Versao3", "Exemplo05-Versao3\Exemplo05-Versao3.csproj", "{24634982-005A-4584-BFAA-43320D614D36}"
EndProject
Global
	GlobalSection(SolutionConfigurationPlatforms) = preSolution
		Debug|Any CPU = Debug|Any CPU
		Release|Any CPU = Release|Any CPU
	EndGlobalSection
	GlobalSection(ProjectConfigurationPlatforms) = postSolution
		{24634982-005A-4584-BFAA-43320D614D36}.Debug|Any CPU.ActiveCfg = Debug|Any CPU
		{24634982-005A-4584-BFAA-43320D614D36}.Debug|Any CPU.Build.0 = Debug|Any CPU
		{24634982-005A-4584-BFAA-43320D614D36}.Release|Any CPU.ActiveCfg = Release|Any CPU
		{24634982-005A-4584-BFAA-43320D614D36}.Release|Any CPU.Build.0 = Release|Any CPU
	EndGlobalSection
	GlobalSection(SolutionProperties) = preSolution
		HideSolutionNode = FALSE
	EndGlobalSection
	GlobalSection(ExtensibilityGlobals) = postSolution
		SolutionGuid = {C289A495-F1B9-4C5E-A3A1-23974B18D858}
	EndGlobalSection
EndGlobal
