
Microsoft Visual Studio Solution File, Format Version 12.00
# Visual Studio 15
VisualStudioVersion = 15.0.28307.852
MinimumVisualStudioVersion = 10.0.40219.1
Project("{FAE04EC0-301F-11D3-BF4B-00C04F79EFBC}") = "Exemplo01", "Exemplo01\Exemplo01.csproj", "{74511E6A-03D5-42C1-AB85-5C6D7D8BDAB2}"
EndProject
Global
	GlobalSection(SolutionConfigurationPlatforms) = preSolution
		Debug|Any CPU = Debug|Any CPU
		Release|Any CPU = Release|Any CPU
	EndGlobalSection
	GlobalSection(ProjectConfigurationPlatforms) = postSolution
		{74511E6A-03D5-42C1-AB85-5C6D7D8BDAB2}.Debug|Any CPU.ActiveCfg = Debug|Any CPU
		{74511E6A-03D5-42C1-AB85-5C6D7D8BDAB2}.Debug|Any CPU.Build.0 = Debug|Any CPU
		{74511E6A-03D5-42C1-AB85-5C6D7D8BDAB2}.Release|Any CPU.ActiveCfg = Release|Any CPU
		{74511E6A-03D5-42C1-AB85-5C6D7D8BDAB2}.Release|Any CPU.Build.0 = Release|Any CPU
	EndGlobalSection
	GlobalSection(SolutionProperties) = preSolution
		HideSolutionNode = FALSE
	EndGlobalSection
	GlobalSection(ExtensibilityGlobals) = postSolution
		SolutionGuid = {B4C93C15-9801-4332-9F32-D54355C3BD56}
	EndGlobalSection
EndGlobal
