
Microsoft Visual Studio Solution File, Format Version 12.00
# Visual Studio 15
VisualStudioVersion = 15.0.28307.852
MinimumVisualStudioVersion = 10.0.40219.1
Project("{FAE04EC0-301F-11D3-BF4B-00C04F79EFBC}") = "Exemplo01_comInterface", "Exemplo01_comInterface\Exemplo01_comInterface.csproj", "{83863D05-4C21-45FF-BB74-E3296C2EF84E}"
EndProject
Global
	GlobalSection(SolutionConfigurationPlatforms) = preSolution
		Debug|Any CPU = Debug|Any CPU
		Release|Any CPU = Release|Any CPU
	EndGlobalSection
	GlobalSection(ProjectConfigurationPlatforms) = postSolution
		{83863D05-4C21-45FF-BB74-E3296C2EF84E}.Debug|Any CPU.ActiveCfg = Debug|Any CPU
		{83863D05-4C21-45FF-BB74-E3296C2EF84E}.Debug|Any CPU.Build.0 = Debug|Any CPU
		{83863D05-4C21-45FF-BB74-E3296C2EF84E}.Release|Any CPU.ActiveCfg = Release|Any CPU
		{83863D05-4C21-45FF-BB74-E3296C2EF84E}.Release|Any CPU.Build.0 = Release|Any CPU
	EndGlobalSection
	GlobalSection(SolutionProperties) = preSolution
		HideSolutionNode = FALSE
	EndGlobalSection
	GlobalSection(ExtensibilityGlobals) = postSolution
		SolutionGuid = {B41FD6EB-6110-40CE-8D48-0C3557EC1D2E}
	EndGlobalSection
EndGlobal
