
Microsoft Visual Studio Solution File, Format Version 12.00
# Visual Studio 15
VisualStudioVersion = 15.0.28307.852
MinimumVisualStudioVersion = 10.0.40219.1
Project("{FAE04EC0-301F-11D3-BF4B-00C04F79EFBC}") = "EXemplo02_IfElse", "EXemplo02_IfElse\EXemplo02_IfElse.csproj", "{C2FA6EE1-B0ED-4F37-A005-5BC54C9FEC46}"
EndProject
Global
	GlobalSection(SolutionConfigurationPlatforms) = preSolution
		Debug|Any CPU = Debug|Any CPU
		Release|Any CPU = Release|Any CPU
	EndGlobalSection
	GlobalSection(ProjectConfigurationPlatforms) = postSolution
		{C2FA6EE1-B0ED-4F37-A005-5BC54C9FEC46}.Debug|Any CPU.ActiveCfg = Debug|Any CPU
		{C2FA6EE1-B0ED-4F37-A005-5BC54C9FEC46}.Debug|Any CPU.Build.0 = Debug|Any CPU
		{C2FA6EE1-B0ED-4F37-A005-5BC54C9FEC46}.Release|Any CPU.ActiveCfg = Release|Any CPU
		{C2FA6EE1-B0ED-4F37-A005-5BC54C9FEC46}.Release|Any CPU.Build.0 = Release|Any CPU
	EndGlobalSection
	GlobalSection(SolutionProperties) = preSolution
		HideSolutionNode = FALSE
	EndGlobalSection
	GlobalSection(ExtensibilityGlobals) = postSolution
		SolutionGuid = {DE1D77FF-223F-4B1A-BB53-085A5EE3F1BD}
	EndGlobalSection
EndGlobal
