
Microsoft Visual Studio Solution File, Format Version 12.00
# Visual Studio 15
VisualStudioVersion = 15.0.28307.852
MinimumVisualStudioVersion = 10.0.40219.1
Project("{FAE04EC0-301F-11D3-BF4B-00C04F79EFBC}") = "Exemplo08_Linq_Lambda", "Exemplo08_Linq_Lambda\Exemplo08_Linq_Lambda.csproj", "{A59F1D81-B6F2-4611-9BF9-DF7A8AE625EE}"
EndProject
Global
	GlobalSection(SolutionConfigurationPlatforms) = preSolution
		Debug|Any CPU = Debug|Any CPU
		Release|Any CPU = Release|Any CPU
	EndGlobalSection
	GlobalSection(ProjectConfigurationPlatforms) = postSolution
		{A59F1D81-B6F2-4611-9BF9-DF7A8AE625EE}.Debug|Any CPU.ActiveCfg = Debug|Any CPU
		{A59F1D81-B6F2-4611-9BF9-DF7A8AE625EE}.Debug|Any CPU.Build.0 = Debug|Any CPU
		{A59F1D81-B6F2-4611-9BF9-DF7A8AE625EE}.Release|Any CPU.ActiveCfg = Release|Any CPU
		{A59F1D81-B6F2-4611-9BF9-DF7A8AE625EE}.Release|Any CPU.Build.0 = Release|Any CPU
	EndGlobalSection
	GlobalSection(SolutionProperties) = preSolution
		HideSolutionNode = FALSE
	EndGlobalSection
	GlobalSection(ExtensibilityGlobals) = postSolution
		SolutionGuid = {31AEBB0E-4CA4-495D-BACD-70288F6A8D44}
	EndGlobalSection
EndGlobal
