
Microsoft Visual Studio Solution File, Format Version 12.00
# Visual Studio 15
VisualStudioVersion = 15.0.28307.852
MinimumVisualStudioVersion = 10.0.40219.1
Project("{FAE04EC0-301F-11D3-BF4B-00C04F79EFBC}") = "Exemplo09_DateTimeKind", "Exemplo09_DateTimeKind\Exemplo09_DateTimeKind.csproj", "{24EBFB1F-1853-4710-B550-8F88DC717BAB}"
EndProject
Global
	GlobalSection(SolutionConfigurationPlatforms) = preSolution
		Debug|Any CPU = Debug|Any CPU
		Release|Any CPU = Release|Any CPU
	EndGlobalSection
	GlobalSection(ProjectConfigurationPlatforms) = postSolution
		{24EBFB1F-1853-4710-B550-8F88DC717BAB}.Debug|Any CPU.ActiveCfg = Debug|Any CPU
		{24EBFB1F-1853-4710-B550-8F88DC717BAB}.Debug|Any CPU.Build.0 = Debug|Any CPU
		{24EBFB1F-1853-4710-B550-8F88DC717BAB}.Release|Any CPU.ActiveCfg = Release|Any CPU
		{24EBFB1F-1853-4710-B550-8F88DC717BAB}.Release|Any CPU.Build.0 = Release|Any CPU
	EndGlobalSection
	GlobalSection(SolutionProperties) = preSolution
		HideSolutionNode = FALSE
	EndGlobalSection
	GlobalSection(ExtensibilityGlobals) = postSolution
		SolutionGuid = {57A8D904-98CF-4FF5-B321-7F42529F2A11}
	EndGlobalSection
EndGlobal
