
Microsoft Visual Studio Solution File, Format Version 12.00
# Visual Studio 15
VisualStudioVersion = 15.0.28307.852
MinimumVisualStudioVersion = 10.0.40219.1
Project("{FAE04EC0-301F-11D3-BF4B-00C04F79EFBC}") = "Exercicio_Fixacao01", "Exercicio_Fixacao01\Exercicio_Fixacao01.csproj", "{A727D549-0519-4C8A-B045-254493A6EA71}"
EndProject
Global
	GlobalSection(SolutionConfigurationPlatforms) = preSolution
		Debug|Any CPU = Debug|Any CPU
		Release|Any CPU = Release|Any CPU
	EndGlobalSection
	GlobalSection(ProjectConfigurationPlatforms) = postSolution
		{A727D549-0519-4C8A-B045-254493A6EA71}.Debug|Any CPU.ActiveCfg = Debug|Any CPU
		{A727D549-0519-4C8A-B045-254493A6EA71}.Debug|Any CPU.Build.0 = Debug|Any CPU
		{A727D549-0519-4C8A-B045-254493A6EA71}.Release|Any CPU.ActiveCfg = Release|Any CPU
		{A727D549-0519-4C8A-B045-254493A6EA71}.Release|Any CPU.Build.0 = Release|Any CPU
	EndGlobalSection
	GlobalSection(SolutionProperties) = preSolution
		HideSolutionNode = FALSE
	EndGlobalSection
	GlobalSection(ExtensibilityGlobals) = postSolution
		SolutionGuid = {A635D728-C00B-471C-8F17-85B9447BF311}
	EndGlobalSection
EndGlobal
