
Microsoft Visual Studio Solution File, Format Version 12.00
# Visual Studio 15
VisualStudioVersion = 15.0.28307.852
MinimumVisualStudioVersion = 10.0.40219.1
Project("{FAE04EC0-301F-11D3-BF4B-00C04F79EFBC}") = "Exercicio04_Fixacao_Abstrato", "Exercicio04_Fixacao_Abstrato\Exercicio04_Fixacao_Abstrato.csproj", "{3A8ECB1B-F053-447D-B01D-FE81C9A94B48}"
EndProject
Global
	GlobalSection(SolutionConfigurationPlatforms) = preSolution
		Debug|Any CPU = Debug|Any CPU
		Release|Any CPU = Release|Any CPU
	EndGlobalSection
	GlobalSection(ProjectConfigurationPlatforms) = postSolution
		{3A8ECB1B-F053-447D-B01D-FE81C9A94B48}.Debug|Any CPU.ActiveCfg = Debug|Any CPU
		{3A8ECB1B-F053-447D-B01D-FE81C9A94B48}.Debug|Any CPU.Build.0 = Debug|Any CPU
		{3A8ECB1B-F053-447D-B01D-FE81C9A94B48}.Release|Any CPU.ActiveCfg = Release|Any CPU
		{3A8ECB1B-F053-447D-B01D-FE81C9A94B48}.Release|Any CPU.Build.0 = Release|Any CPU
	EndGlobalSection
	GlobalSection(SolutionProperties) = preSolution
		HideSolutionNode = FALSE
	EndGlobalSection
	GlobalSection(ExtensibilityGlobals) = postSolution
		SolutionGuid = {06ACCF86-C5BA-48C1-B086-B6A769B803BE}
	EndGlobalSection
EndGlobal
