
Microsoft Visual Studio Solution File, Format Version 12.00
# Visual Studio 15
VisualStudioVersion = 15.0.28307.852
MinimumVisualStudioVersion = 10.0.40219.1
Project("{FAE04EC0-301F-11D3-BF4B-00C04F79EFBC}") = "Exemplo08_TimeSpan_Operacoes", "Exemplo08_TimeSpan_Operacoes\Exemplo08_TimeSpan_Operacoes.csproj", "{37631605-B108-4396-BF6F-5D35A2B67DC5}"
EndProject
Global
	GlobalSection(SolutionConfigurationPlatforms) = preSolution
		Debug|Any CPU = Debug|Any CPU
		Release|Any CPU = Release|Any CPU
	EndGlobalSection
	GlobalSection(ProjectConfigurationPlatforms) = postSolution
		{37631605-B108-4396-BF6F-5D35A2B67DC5}.Debug|Any CPU.ActiveCfg = Debug|Any CPU
		{37631605-B108-4396-BF6F-5D35A2B67DC5}.Debug|Any CPU.Build.0 = Debug|Any CPU
		{37631605-B108-4396-BF6F-5D35A2B67DC5}.Release|Any CPU.ActiveCfg = Release|Any CPU
		{37631605-B108-4396-BF6F-5D35A2B67DC5}.Release|Any CPU.Build.0 = Release|Any CPU
	EndGlobalSection
	GlobalSection(SolutionProperties) = preSolution
		HideSolutionNode = FALSE
	EndGlobalSection
	GlobalSection(ExtensibilityGlobals) = postSolution
		SolutionGuid = {6F83A3D5-F7F4-483E-9052-065FC58B6890}
	EndGlobalSection
EndGlobal
