
Microsoft Visual Studio Solution File, Format Version 12.00
# Visual Studio 15
VisualStudioVersion = 15.0.28307.852
MinimumVisualStudioVersion = 10.0.40219.1
Project("{FAE04EC0-301F-11D3-BF4B-00C04F79EFBC}") = "Exemplo03_Casting", "Exemplo03_Casting\Exemplo03_Casting.csproj", "{B906ACF0-A40F-4D6C-9577-A69B1CD931CA}"
EndProject
Global
	GlobalSection(SolutionConfigurationPlatforms) = preSolution
		Debug|Any CPU = Debug|Any CPU
		Release|Any CPU = Release|Any CPU
	EndGlobalSection
	GlobalSection(ProjectConfigurationPlatforms) = postSolution
		{B906ACF0-A40F-4D6C-9577-A69B1CD931CA}.Debug|Any CPU.ActiveCfg = Debug|Any CPU
		{B906ACF0-A40F-4D6C-9577-A69B1CD931CA}.Debug|Any CPU.Build.0 = Debug|Any CPU
		{B906ACF0-A40F-4D6C-9577-A69B1CD931CA}.Release|Any CPU.ActiveCfg = Release|Any CPU
		{B906ACF0-A40F-4D6C-9577-A69B1CD931CA}.Release|Any CPU.Build.0 = Release|Any CPU
	EndGlobalSection
	GlobalSection(SolutionProperties) = preSolution
		HideSolutionNode = FALSE
	EndGlobalSection
	GlobalSection(ExtensibilityGlobals) = postSolution
		SolutionGuid = {70A69BD2-9E4A-47A7-95FC-4341278B00FB}
	EndGlobalSection
EndGlobal
