
Microsoft Visual Studio Solution File, Format Version 12.00
# Visual Studio 15
VisualStudioVersion = 15.0.28307.852
MinimumVisualStudioVersion = 10.0.40219.1
Project("{FAE04EC0-301F-11D3-BF4B-00C04F79EFBC}") = "Exemplo02_Sobrecarga", "Exemplo02_Sobrecarga\Exemplo02_Sobrecarga.csproj", "{9BA23A4D-8C44-443C-9A0D-7F48544F2047}"
EndProject
Global
	GlobalSection(SolutionConfigurationPlatforms) = preSolution
		Debug|Any CPU = Debug|Any CPU
		Release|Any CPU = Release|Any CPU
	EndGlobalSection
	GlobalSection(ProjectConfigurationPlatforms) = postSolution
		{9BA23A4D-8C44-443C-9A0D-7F48544F2047}.Debug|Any CPU.ActiveCfg = Debug|Any CPU
		{9BA23A4D-8C44-443C-9A0D-7F48544F2047}.Debug|Any CPU.Build.0 = Debug|Any CPU
		{9BA23A4D-8C44-443C-9A0D-7F48544F2047}.Release|Any CPU.ActiveCfg = Release|Any CPU
		{9BA23A4D-8C44-443C-9A0D-7F48544F2047}.Release|Any CPU.Build.0 = Release|Any CPU
	EndGlobalSection
	GlobalSection(SolutionProperties) = preSolution
		HideSolutionNode = FALSE
	EndGlobalSection
	GlobalSection(ExtensibilityGlobals) = postSolution
		SolutionGuid = {878DC9A8-FB2A-48EE-9D7B-6C82A0D6B151}
	EndGlobalSection
EndGlobal
