
Microsoft Visual Studio Solution File, Format Version 12.00
# Visual Studio 15
VisualStudioVersion = 15.0.28307.852
MinimumVisualStudioVersion = 10.0.40219.1
Project("{FAE04EC0-301F-11D3-BF4B-00C04F79EFBC}") = "Exemplo05-Veresao2", "Exemplo05-Veresao2\Exemplo05-Veresao2.csproj", "{F118D200-DB4E-42D4-959A-2940C7478D84}"
EndProject
Global
	GlobalSection(SolutionConfigurationPlatforms) = preSolution
		Debug|Any CPU = Debug|Any CPU
		Release|Any CPU = Release|Any CPU
	EndGlobalSection
	GlobalSection(ProjectConfigurationPlatforms) = postSolution
		{F118D200-DB4E-42D4-959A-2940C7478D84}.Debug|Any CPU.ActiveCfg = Debug|Any CPU
		{F118D200-DB4E-42D4-959A-2940C7478D84}.Debug|Any CPU.Build.0 = Debug|Any CPU
		{F118D200-DB4E-42D4-959A-2940C7478D84}.Release|Any CPU.ActiveCfg = Release|Any CPU
		{F118D200-DB4E-42D4-959A-2940C7478D84}.Release|Any CPU.Build.0 = Release|Any CPU
	EndGlobalSection
	GlobalSection(SolutionProperties) = preSolution
		HideSolutionNode = FALSE
	EndGlobalSection
	GlobalSection(ExtensibilityGlobals) = postSolution
		SolutionGuid = {A81C5302-B000-4A0F-9BC5-D306B9D9012A}
	EndGlobalSection
EndGlobal
