
Microsoft Visual Studio Solution File, Format Version 12.00
# Visual Studio 15
VisualStudioVersion = 15.0.28307.852
MinimumVisualStudioVersion = 10.0.40219.1
Project("{FAE04EC0-301F-11D3-BF4B-00C04F79EFBC}") = "Exemplo05", "Exemplo05\Exemplo05.csproj", "{6DA1A813-4823-4FCA-BDF0-A338425F7E6B}"
EndProject
Global
	GlobalSection(SolutionConfigurationPlatforms) = preSolution
		Debug|Any CPU = Debug|Any CPU
		Release|Any CPU = Release|Any CPU
	EndGlobalSection
	GlobalSection(ProjectConfigurationPlatforms) = postSolution
		{6DA1A813-4823-4FCA-BDF0-A338425F7E6B}.Debug|Any CPU.ActiveCfg = Debug|Any CPU
		{6DA1A813-4823-4FCA-BDF0-A338425F7E6B}.Debug|Any CPU.Build.0 = Debug|Any CPU
		{6DA1A813-4823-4FCA-BDF0-A338425F7E6B}.Release|Any CPU.ActiveCfg = Release|Any CPU
		{6DA1A813-4823-4FCA-BDF0-A338425F7E6B}.Release|Any CPU.Build.0 = Release|Any CPU
	EndGlobalSection
	GlobalSection(SolutionProperties) = preSolution
		HideSolutionNode = FALSE
	EndGlobalSection
	GlobalSection(ExtensibilityGlobals) = postSolution
		SolutionGuid = {21B980FC-B35D-4F2A-AF14-B69377197EB0}
	EndGlobalSection
EndGlobal
