
Microsoft Visual Studio Solution File, Format Version 12.00
# Visual Studio 15
VisualStudioVersion = 15.0.28307.852
MinimumVisualStudioVersion = 10.0.40219.1
Project("{FAE04EC0-301F-11D3-BF4B-00C04F79EFBC}") = "Exemplo05_Funcoes_DateTime_Construtores", "Exemplo05_Funcoes_DateTime_Construtores\Exemplo05_Funcoes_DateTime_Construtores.csproj", "{E4788098-2850-43C0-AE87-AE7959555E10}"
EndProject
Global
	GlobalSection(SolutionConfigurationPlatforms) = preSolution
		Debug|Any CPU = Debug|Any CPU
		Release|Any CPU = Release|Any CPU
	EndGlobalSection
	GlobalSection(ProjectConfigurationPlatforms) = postSolution
		{E4788098-2850-43C0-AE87-AE7959555E10}.Debug|Any CPU.ActiveCfg = Debug|Any CPU
		{E4788098-2850-43C0-AE87-AE7959555E10}.Debug|Any CPU.Build.0 = Debug|Any CPU
		{E4788098-2850-43C0-AE87-AE7959555E10}.Release|Any CPU.ActiveCfg = Release|Any CPU
		{E4788098-2850-43C0-AE87-AE7959555E10}.Release|Any CPU.Build.0 = Release|Any CPU
	EndGlobalSection
	GlobalSection(SolutionProperties) = preSolution
		HideSolutionNode = FALSE
	EndGlobalSection
	GlobalSection(ExtensibilityGlobals) = postSolution
		SolutionGuid = {9B7BCE8F-7241-4F95-9FE5-62C96ECE8072}
	EndGlobalSection
EndGlobal
