
Microsoft Visual Studio Solution File, Format Version 12.00
# Visual Studio 15
VisualStudioVersion = 15.0.28307.852
MinimumVisualStudioVersion = 10.0.40219.1
Project("{FAE04EC0-301F-11D3-BF4B-00C04F79EFBC}") = "Exemplo05_Using_Block", "Exemplo05_Using_Block\Exemplo05_Using_Block.csproj", "{834BD4CA-0CC0-4779-99E6-732E56F4553C}"
EndProject
Global
	GlobalSection(SolutionConfigurationPlatforms) = preSolution
		Debug|Any CPU = Debug|Any CPU
		Release|Any CPU = Release|Any CPU
	EndGlobalSection
	GlobalSection(ProjectConfigurationPlatforms) = postSolution
		{834BD4CA-0CC0-4779-99E6-732E56F4553C}.Debug|Any CPU.ActiveCfg = Debug|Any CPU
		{834BD4CA-0CC0-4779-99E6-732E56F4553C}.Debug|Any CPU.Build.0 = Debug|Any CPU
		{834BD4CA-0CC0-4779-99E6-732E56F4553C}.Release|Any CPU.ActiveCfg = Release|Any CPU
		{834BD4CA-0CC0-4779-99E6-732E56F4553C}.Release|Any CPU.Build.0 = Release|Any CPU
	EndGlobalSection
	GlobalSection(SolutionProperties) = preSolution
		HideSolutionNode = FALSE
	EndGlobalSection
	GlobalSection(ExtensibilityGlobals) = postSolution
		SolutionGuid = {52A5188C-7929-4F8D-A08B-575108FBDAC9}
	EndGlobalSection
EndGlobal
