
Microsoft Visual Studio Solution File, Format Version 12.00
# Visual Studio 15
VisualStudioVersion = 15.0.28307.852
MinimumVisualStudioVersion = 10.0.40219.1
Project("{FAE04EC0-301F-11D3-BF4B-00C04F79EFBC}") = "Secao_03_Exercicio_Condicional01", "Secao_03_Exercicio_Condicional01\Secao_03_Exercicio_Condicional01.csproj", "{8581BF94-6F8B-4E6A-88BF-1F2292D256C9}"
EndProject
Global
	GlobalSection(SolutionConfigurationPlatforms) = preSolution
		Debug|Any CPU = Debug|Any CPU
		Release|Any CPU = Release|Any CPU
	EndGlobalSection
	GlobalSection(ProjectConfigurationPlatforms) = postSolution
		{8581BF94-6F8B-4E6A-88BF-1F2292D256C9}.Debug|Any CPU.ActiveCfg = Debug|Any CPU
		{8581BF94-6F8B-4E6A-88BF-1F2292D256C9}.Debug|Any CPU.Build.0 = Debug|Any CPU
		{8581BF94-6F8B-4E6A-88BF-1F2292D256C9}.Release|Any CPU.ActiveCfg = Release|Any CPU
		{8581BF94-6F8B-4E6A-88BF-1F2292D256C9}.Release|Any CPU.Build.0 = Release|Any CPU
	EndGlobalSection
	GlobalSection(SolutionProperties) = preSolution
		HideSolutionNode = FALSE
	EndGlobalSection
	GlobalSection(ExtensibilityGlobals) = postSolution
		SolutionGuid = {312102E5-1EED-4568-8E2D-23D828ECF815}
	EndGlobalSection
EndGlobal
